{
  "name": "backend",
  "version": "1.0.0",
  "lockfileVersion": 3,
  "requires": true,
  "packages": {
    "": {
      "name": "backend",
      "version": "1.0.0",
      "license": "ISC",
      "dependencies": {
        "vi": "^1.0.0"
      }
    },
    "node_modules/vi": {
      "version": "1.0.0",
      "resolved": "https://registry.npmjs.org/vi/-/vi-1.0.0.tgz",
      "integrity": "sha512-fLpBeQzBddayFzoNMfCzvkcomwRYHx05qRo8lVCjMmR8ggs36Auw5A6/yH/UU8e2UAsGvh0qmXlNoR1DIdfWUw=="
    }
  }
}
